
Microsoft Visual Studio Solution File, Format Version 12.00
# Visual Studio Version 17
VisualStudioVersion = 17.0.31903.59
MinimumVisualStudioVersion = 10.0.40219.1
Project("{2150E333-8FDC-42A3-9474-1A3956D46DE8}") = "src", "src", "{827E0CD3-B72D-47B6-A68D-7590B98EB39B}"
EndProject
Project("{FAE04EC0-301F-11D3-BF4B-00C04F79EFBC}") = "WalkGame.Domain", "src\WalkGame.Domain\WalkGame.Domain.csproj", "{D2F79D0C-4246-4318-8F8A-55A248E4EC8C}"
EndProject
Project("{FAE04EC0-301F-11D3-BF4B-00C04F79EFBC}") = "WalkGame.Application", "src\WalkGame.Application\WalkGame.Application.csproj", "{4027C1C4-917C-4853-B442-8E051701F378}"
EndProject
Project("{FAE04EC0-301F-11D3-BF4B-00C04F79EFBC}") = "WalkGame.Infrastructure", "src\WalkGame.Infrastructure\WalkGame.Infrastructure.csproj", "{116916D4-E346-4803-B358-D5EA03E89C6A}"
EndProject
Project("{FAE04EC0-301F-11D3-BF4B-00C04F79EFBC}") = "WalkGame.Domain.Tests", "tests\WalkGame.Domain.Tests\WalkGame.Domain.Tests.csproj", "{2DD59D52-D2CD-4684-833D-C37E0E648991}"
EndProject
Project("{FAE04EC0-301F-11D3-BF4B-00C04F79EFBC}") = "WalkGame.Infrastructure.Tests", "tests\WalkGame.Infrastructure.Tests\WalkGame.Infrastructure.Tests.csproj", "{54FE24F6-EBFE-4938-AD14-121BBDDF4AC3}"
EndProject
Project("{FAE04EC0-301F-11D3-BF4B-00C04F79EFBC}") = "WalkGame.SimCli", "tools\simulation\WalkGame.SimCli.csproj", "{39E46412-527D-4224-A9ED-443770527B14}"
EndProject
Project("{2150E333-8FDC-42A3-9474-1A3956D46DE8}") = "tests", "tests", "{0AB3BF05-4346-4AA6-1389-037BE0695223}"
EndProject
Project("{FAE04EC0-301F-11D3-BF4B-00C04F79EFBC}") = "WalkGame.Application.Tests", "tests\WalkGame.Application.Tests\WalkGame.Application.Tests.csproj", "{C4A7A814-FEF1-4643-9EF5-D3DB4B81B3C4}"
EndProject
Global
	GlobalSection(SolutionConfigurationPlatforms) = preSolution
		Debug|Any CPU = Debug|Any CPU
		Debug|x64 = Debug|x64
		Debug|x86 = Debug|x86
		Release|Any CPU = Release|Any CPU
		Release|x64 = Release|x64
		Release|x86 = Release|x86
	EndGlobalSection
	GlobalSection(ProjectConfigurationPlatforms) = postSolution
		{D2F79D0C-4246-4318-8F8A-55A248E4EC8C}.Debug|Any CPU.ActiveCfg = Debug|Any CPU
		{D2F79D0C-4246-4318-8F8A-55A248E4EC8C}.Debug|Any CPU.Build.0 = Debug|Any CPU
		{D2F79D0C-4246-4318-8F8A-55A248E4EC8C}.Debug|x64.ActiveCfg = Debug|Any CPU
		{D2F79D0C-4246-4318-8F8A-55A248E4EC8C}.Debug|x64.Build.0 = Debug|Any CPU
		{D2F79D0C-4246-4318-8F8A-55A248E4EC8C}.Debug|x86.ActiveCfg = Debug|Any CPU
		{D2F79D0C-4246-4318-8F8A-55A248E4EC8C}.Debug|x86.Build.0 = Debug|Any CPU
		{D2F79D0C-4246-4318-8F8A-55A248E4EC8C}.Release|Any CPU.ActiveCfg = Release|Any CPU
		{D2F79D0C-4246-4318-8F8A-55A248E4EC8C}.Release|Any CPU.Build.0 = Release|Any CPU
		{D2F79D0C-4246-4318-8F8A-55A248E4EC8C}.Release|x64.ActiveCfg = Release|Any CPU
		{D2F79D0C-4246-4318-8F8A-55A248E4EC8C}.Release|x64.Build.0 = Release|Any CPU
		{D2F79D0C-4246-4318-8F8A-55A248E4EC8C}.Release|x86.ActiveCfg = Release|Any CPU
		{D2F79D0C-4246-4318-8F8A-55A248E4EC8C}.Release|x86.Build.0 = Release|Any CPU
		{4027C1C4-917C-4853-B442-8E051701F378}.Debug|Any CPU.ActiveCfg = Debug|Any CPU
		{4027C1C4-917C-4853-B442-8E051701F378}.Debug|Any CPU.Build.0 = Debug|Any CPU
		{4027C1C4-917C-4853-B442-8E051701F378}.Debug|x64.ActiveCfg = Debug|Any CPU
		{4027C1C4-917C-4853-B442-8E051701F378}.Debug|x64.Build.0 = Debug|Any CPU
		{4027C1C4-917C-4853-B442-8E051701F378}.Debug|x86.ActiveCfg = Debug|Any CPU
		{4027C1C4-917C-4853-B442-8E051701F378}.Debug|x86.Build.0 = Debug|Any CPU
		{4027C1C4-917C-4853-B442-8E051701F378}.Release|Any CPU.ActiveCfg = Release|Any CPU
		{4027C1C4-917C-4853-B442-8E051701F378}.Release|Any CPU.Build.0 = Release|Any CPU
		{4027C1C4-917C-4853-B442-8E051701F378}.Release|x64.ActiveCfg = Release|Any CPU
		{4027C1C4-917C-4853-B442-8E051701F378}.Release|x64.Build.0 = Release|Any CPU
		{4027C1C4-917C-4853-B442-8E051701F378}.Release|x86.ActiveCfg = Release|Any CPU
		{4027C1C4-917C-4853-B442-8E051701F378}.Release|x86.Build.0 = Release|Any CPU
		{116916D4-E346-4803-B358-D5EA03E89C6A}.Debug|Any CPU.ActiveCfg = Debug|Any CPU
		{116916D4-E346-4803-B358-D5EA03E89C6A}.Debug|Any CPU.Build.0 = Debug|Any CPU
		{116916D4-E346-4803-B358-D5EA03E89C6A}.Debug|x64.ActiveCfg = Debug|Any CPU
		{116916D4-E346-4803-B358-D5EA03E89C6A}.Debug|x64.Build.0 = Debug|Any CPU
		{116916D4-E346-4803-B358-D5EA03E89C6A}.Debug|x86.ActiveCfg = Debug|Any CPU
		{116916D4-E346-4803-B358-D5EA03E89C6A}.Debug|x86.Build.0 = Debug|Any CPU
		{116916D4-E346-4803-B358-D5EA03E89C6A}.Release|Any CPU.ActiveCfg = Release|Any CPU
		{116916D4-E346-4803-B358-D5EA03E89C6A}.Release|Any CPU.Build.0 = Release|Any CPU
		{116916D4-E346-4803-B358-D5EA03E89C6A}.Release|x64.ActiveCfg = Release|Any CPU
		{116916D4-E346-4803-B358-D5EA03E89C6A}.Release|x64.Build.0 = Release|Any CPU
		{116916D4-E346-4803-B358-D5EA03E89C6A}.Release|x86.ActiveCfg = Release|Any CPU
		{116916D4-E346-4803-B358-D5EA03E89C6A}.Release|x86.Build.0 = Release|Any CPU
		{2DD59D52-D2CD-4684-833D-C37E0E648991}.Debug|Any CPU.ActiveCfg = Debug|Any CPU
		{2DD59D52-D2CD-4684-833D-C37E0E648991}.Debug|Any CPU.Build.0 = Debug|Any CPU
		{2DD59D52-D2CD-4684-833D-C37E0E648991}.Debug|x64.ActiveCfg = Debug|Any CPU
		{2DD59D52-D2CD-4684-833D-C37E0E648991}.Debug|x64.Build.0 = Debug|Any CPU
		{2DD59D52-D2CD-4684-833D-C37E0E648991}.Debug|x86.ActiveCfg = Debug|Any CPU
		{2DD59D52-D2CD-4684-833D-C37E0E648991}.Debug|x86.Build.0 = Debug|Any CPU
		{2DD59D52-D2CD-4684-833D-C37E0E648991}.Release|Any CPU.ActiveCfg = Release|Any CPU
		{2DD59D52-D2CD-4684-833D-C37E0E648991}.Release|Any CPU.Build.0 = Release|Any CPU
		{2DD59D52-D2CD-4684-833D-C37E0E648991}.Release|x64.ActiveCfg = Release|Any CPU
		{2DD59D52-D2CD-4684-833D-C37E0E648991}.Release|x64.Build.0 = Release|Any CPU
		{2DD59D52-D2CD-4684-833D-C37E0E648991}.Release|x86.ActiveCfg = Release|Any CPU
		{2DD59D52-D2CD-4684-833D-C37E0E648991}.Release|x86.Build.0 = Release|Any CPU
		{54FE24F6-EBFE-4938-AD14-121BBDDF4AC3}.Debug|Any CPU.ActiveCfg = Debug|Any CPU
		{54FE24F6-EBFE-4938-AD14-121BBDDF4AC3}.Debug|Any CPU.Build.0 = Debug|Any CPU
		{54FE24F6-EBFE-4938-AD14-121BBDDF4AC3}.Debug|x64.ActiveCfg = Debug|Any CPU
		{54FE24F6-EBFE-4938-AD14-121BBDDF4AC3}.Debug|x64.Build.0 = Debug|Any CPU
		{54FE24F6-EBFE-4938-AD14-121BBDDF4AC3}.Debug|x86.ActiveCfg = Debug|Any CPU
		{54FE24F6-EBFE-4938-AD14-121BBDDF4AC3}.Debug|x86.Build.0 = Debug|Any CPU
		{54FE24F6-EBFE-4938-AD14-121BBDDF4AC3}.Release|Any CPU.ActiveCfg = Release|Any CPU
		{54FE24F6-EBFE-4938-AD14-121BBDDF4AC3}.Release|Any CPU.Build.0 = Release|Any CPU
		{54FE24F6-EBFE-4938-AD14-121BBDDF4AC3}.Release|x64.ActiveCfg = Release|Any CPU
		{54FE24F6-EBFE-4938-AD14-121BBDDF4AC3}.Release|x64.Build.0 = Release|Any CPU
		{54FE24F6-EBFE-4938-AD14-121BBDDF4AC3}.Release|x86.ActiveCfg = Release|Any CPU
		{54FE24F6-EBFE-4938-AD14-121BBDDF4AC3}.Release|x86.Build.0 = Release|Any CPU
		{39E46412-527D-4224-A9ED-443770527B14}.Debug|Any CPU.ActiveCfg = Debug|Any CPU
		{39E46412-527D-4224-A9ED-443770527B14}.Debug|Any CPU.Build.0 = Debug|Any CPU
		{39E46412-527D-4224-A9ED-443770527B14}.Debug|x64.ActiveCfg = Debug|Any CPU
		{39E46412-527D-4224-A9ED-443770527B14}.Debug|x64.Build.0 = Debug|Any CPU
		{39E46412-527D-4224-A9ED-443770527B14}.Debug|x86.ActiveCfg = Debug|Any CPU
		{39E46412-527D-4224-A9ED-443770527B14}.Debug|x86.Build.0 = Debug|Any CPU
		{39E46412-527D-4224-A9ED-443770527B14}.Release|Any CPU.ActiveCfg = Release|Any CPU
		{39E46412-527D-4224-A9ED-443770527B14}.Release|Any CPU.Build.0 = Release|Any CPU
		{39E46412-527D-4224-A9ED-443770527B14}.Release|x64.ActiveCfg = Release|Any CPU
		{39E46412-527D-4224-A9ED-443770527B14}.Release|x64.Build.0 = Release|Any CPU
		{39E46412-527D-4224-A9ED-443770527B14}.Release|x86.ActiveCfg = Release|Any CPU
		{39E46412-527D-4224-A9ED-443770527B14}.Release|x86.Build.0 = Release|Any CPU
		{C4A7A814-FEF1-4643-9EF5-D3DB4B81B3C4}.Debug|Any CPU.ActiveCfg = Debug|Any CPU
		{C4A7A814-FEF1-4643-9EF5-D3DB4B81B3C4}.Debug|Any CPU.Build.0 = Debug|Any CPU
		{C4A7A814-FEF1-4643-9EF5-D3DB4B81B3C4}.Debug|x64.ActiveCfg = Debug|Any CPU
		{C4A7A814-FEF1-4643-9EF5-D3DB4B81B3C4}.Debug|x64.Build.0 = Debug|Any CPU
		{C4A7A814-FEF1-4643-9EF5-D3DB4B81B3C4}.Debug|x86.ActiveCfg = Debug|Any CPU
		{C4A7A814-FEF1-4643-9EF5-D3DB4B81B3C4}.Debug|x86.Build.0 = Debug|Any CPU
		{C4A7A814-FEF1-4643-9EF5-D3DB4B81B3C4}.Release|Any CPU.ActiveCfg = Release|Any CPU
		{C4A7A814-FEF1-4643-9EF5-D3DB4B81B3C4}.Release|Any CPU.Build.0 = Release|Any CPU
		{C4A7A814-FEF1-4643-9EF5-D3DB4B81B3C4}.Release|x64.ActiveCfg = Release|Any CPU
		{C4A7A814-FEF1-4643-9EF5-D3DB4B81B3C4}.Release|x64.Build.0 = Release|Any CPU
		{C4A7A814-FEF1-4643-9EF5-D3DB4B81B3C4}.Release|x86.ActiveCfg = Release|Any CPU
		{C4A7A814-FEF1-4643-9EF5-D3DB4B81B3C4}.Release|x86.Build.0 = Release|Any CPU
	EndGlobalSection
	GlobalSection(SolutionProperties) = preSolution
		HideSolutionNode = FALSE
	EndGlobalSection
	GlobalSection(NestedProjects) = preSolution
		{D2F79D0C-4246-4318-8F8A-55A248E4EC8C} = {827E0CD3-B72D-47B6-A68D-7590B98EB39B}
		{4027C1C4-917C-4853-B442-8E051701F378} = {827E0CD3-B72D-47B6-A68D-7590B98EB39B}
		{116916D4-E346-4803-B358-D5EA03E89C6A} = {827E0CD3-B72D-47B6-A68D-7590B98EB39B}
		{2DD59D52-D2CD-4684-833D-C37E0E648991} = {827E0CD3-B72D-47B6-A68D-7590B98EB39B}
		{54FE24F6-EBFE-4938-AD14-121BBDDF4AC3} = {827E0CD3-B72D-47B6-A68D-7590B98EB39B}
		{39E46412-527D-4224-A9ED-443770527B14} = {827E0CD3-B72D-47B6-A68D-7590B98EB39B}
		{C4A7A814-FEF1-4643-9EF5-D3DB4B81B3C4} = {0AB3BF05-4346-4AA6-1389-037BE0695223}
	EndGlobalSection
EndGlobal
